
Microsoft Visual Studio Solution File, Format Version 12.00
# Visual Studio Version 17
VisualStudioVersion = 17.2.32516.85
MinimumVisualStudioVersion = 10.0.40219.1
Project("{FAE04EC0-301F-11D3-BF4B-00C04F79EFBC}") = "BuildingBlocksCalculate", "BuildingBlocksCalculate\BuildingBlocksCalculate.csproj", "{8E8F8A82-F36F-485B-85DE-45693AAB242F}"
EndProject
Global
	GlobalSection(SolutionConfigurationPlatforms) = preSolution
		Debug|Any CPU = Debug|Any CPU
		Release|Any CPU = Release|Any CPU
	EndGlobalSection
	GlobalSection(ProjectConfigurationPlatforms) = postSolution
		{8E8F8A82-F36F-485B-85DE-45693AAB242F}.Debug|Any CPU.ActiveCfg = Debug|Any CPU
		{8E8F8A82-F36F-485B-85DE-45693AAB242F}.Debug|Any CPU.Build.0 = Debug|Any CPU
		{8E8F8A82-F36F-485B-85DE-45693AAB242F}.Release|Any CPU.ActiveCfg = Release|Any CPU
		{8E8F8A82-F36F-485B-85DE-45693AAB242F}.Release|Any CPU.Build.0 = Release|Any CPU
	EndGlobalSection
	GlobalSection(SolutionProperties) = preSolution
		HideSolutionNode = FALSE
	EndGlobalSection
	GlobalSection(ExtensibilityGlobals) = postSolution
		SolutionGuid = {370C2B51-F1D7-4E7D-BD7E-EC9F3273B7B9}
	EndGlobalSection
EndGlobal
